{
  "originHash" : "0cfa6e3a1f2c448d30b31dbdef2ad380e9a5e08cac1d0368d854dd0cb35ee548",
  "pins" : [
    {
      "identity" : "sdwebimage",
      "kind" : "remoteSourceControl",
      "location" : "https://github.com/SDWebImage/SDWebImage.git",
      "state" : {
        "revision" : "8a1be70a625683bc04d6903e2935bf23f3c6d609",
        "version" : "5.19.7"
      }
    },
    {
      "identity" : "tictactoe",
      "kind" : "remoteSourceControl",
      "location" : "https://github.com/Vasilii1992/TicTacToe.git",
      "state" : {
        "revision" : "f485e6281bf349e677e0968711e014beff4513c0",
        "version" : "1.0.7"
      }
    },
    {
      "identity" : "wordlegame",
      "kind" : "remoteSourceControl",
      "location" : "https://github.com/Vasilii1992/WordleGame.git",
      "state" : {
        "revision" : "330a2e9fc00a3fcdbe19a25d21ef747c05314f72",
        "version" : "1.0.3"
      }
    }
  ],
  "version" : 3
}
