{
  "originHash" : "57b5f66ae540af466f22d31105eb796f3013b62df901b7e2f11acd0bfb02bea2",
  "pins" : [
    {
      "identity" : "sdwebimage",
      "kind" : "remoteSourceControl",
      "location" : "https://github.com/SDWebImage/SDWebImage.git",
      "state" : {
        "revision" : "8a1be70a625683bc04d6903e2935bf23f3c6d609",
        "version" : "5.19.7"
      }
    },
    {
      "identity" : "tictactoe",
      "kind" : "remoteSourceControl",
      "location" : "https://github.com/Vasilii1992/TicTacToe.git",
      "state" : {
        "revision" : "f485e6281bf349e677e0968711e014beff4513c0",
        "version" : "1.0.7"
      }
    },
    {
      "identity" : "wordlegame",
      "kind" : "remoteSourceControl",
      "location" : "https://github.com/Vasilii1992/WordleGame.git",
      "state" : {
        "revision" : "dfca0a2a51509c01e3e9e329fd6aad1cd46732f5",
        "version" : "1.0.2"
      }
    }
  ],
  "version" : 3
}
