// !$*UTF8*$!
{
	archiveVersion = 1;
	classes = {
	};
	objectVersion = 56;
	objects = {

/* Begin PBXBuildFile section */
		6B402D3E2C8750D6007C15D2 /* AppDelegate.swift in Sources */ = {isa = PBXBuildFile; fileRef = 6B402D3D2C8750D6007C15D2 /* AppDelegate.swift */; };
		6B402D402C8750D6007C15D2 /* SceneDelegate.swift in Sources */ = {isa = PBXBuildFile; fileRef = 6B402D3F2C8750D6007C15D2 /* SceneDelegate.swift */; };
		6B402D422C8750D6007C15D2 /* TicTacToeViewController.swift in Sources */ = {isa = PBXBuildFile; fileRef = 6B402D412C8750D6007C15D2 /* TicTacToeViewController.swift */; };
		6B402D472C8750D7007C15D2 /* Assets.xcassets in Resources */ = {isa = PBXBuildFile; fileRef = 6B402D462C8750D7007C15D2 /* Assets.xcassets */; };
		6B402D4A2C8750D7007C15D2 /* Base in Resources */ = {isa = PBXBuildFile; fileRef = 6B402D492C8750D7007C15D2 /* Base */; };
		6B4120AC2C8858E400AF1BA6 /* WordleViewController.swift in Sources */ = {isa = PBXBuildFile; fileRef = 6B4120AB2C8858E400AF1BA6 /* WordleViewController.swift */; };
		6B4120AE2C88598900AF1BA6 /* KeyboardViewController.swift in Sources */ = {isa = PBXBuildFile; fileRef = 6B4120AD2C88598900AF1BA6 /* KeyboardViewController.swift */; };
		6B4120B02C88599B00AF1BA6 /* BoardViewController.swift in Sources */ = {isa = PBXBuildFile; fileRef = 6B4120AF2C88599B00AF1BA6 /* BoardViewController.swift */; };
		6B4120B22C88637600AF1BA6 /* KeyCell.swift in Sources */ = {isa = PBXBuildFile; fileRef = 6B4120B12C88637600AF1BA6 /* KeyCell.swift */; };
		6B4120B62C88C05C00AF1BA6 /* Model.swift in Sources */ = {isa = PBXBuildFile; fileRef = 6B4120B52C88C05C00AF1BA6 /* Model.swift */; };
		6B4120BF2C88C82F00AF1BA6 /* MainTabBarController.swift in Sources */ = {isa = PBXBuildFile; fileRef = 6B4120BE2C88C82F00AF1BA6 /* MainTabBarController.swift */; };
		6B4120C22C88C86300AF1BA6 /* MiniAppListViewController.swift in Sources */ = {isa = PBXBuildFile; fileRef = 6B4120C12C88C86300AF1BA6 /* MiniAppListViewController.swift */; };
		6B4120C42C88C8D700AF1BA6 /* MiniAppCell.swift in Sources */ = {isa = PBXBuildFile; fileRef = 6B4120C32C88C8D700AF1BA6 /* MiniAppCell.swift */; };
		6B4120C62C88C92900AF1BA6 /* InteractiveAppCell.swift in Sources */ = {isa = PBXBuildFile; fileRef = 6B4120C52C88C92900AF1BA6 /* InteractiveAppCell.swift */; };
		6B4120CA2C89107F00AF1BA6 /* InteractiveAppListViewController.swift in Sources */ = {isa = PBXBuildFile; fileRef = 6B4120C92C89107F00AF1BA6 /* InteractiveAppListViewController.swift */; };
		6B4120CC2C8910BB00AF1BA6 /* FullScreenAppViewController.swift in Sources */ = {isa = PBXBuildFile; fileRef = 6B4120CB2C8910BB00AF1BA6 /* FullScreenAppViewController.swift */; };
		6B4120CE2C89181A00AF1BA6 /* GameSelectionViewController.swift in Sources */ = {isa = PBXBuildFile; fileRef = 6B4120CD2C89181A00AF1BA6 /* GameSelectionViewController.swift */; };
		6B54791C2C8B97AF00F8A2DE /* ApiManager.swift in Sources */ = {isa = PBXBuildFile; fileRef = 6B54791B2C8B97AF00F8A2DE /* ApiManager.swift */; };
		6B54791E2C8B97CD00F8A2DE /* WeatherError.swift in Sources */ = {isa = PBXBuildFile; fileRef = 6B54791D2C8B97CD00F8A2DE /* WeatherError.swift */; };
		6B5479222C8B981400F8A2DE /* Weather.swift in Sources */ = {isa = PBXBuildFile; fileRef = 6B5479212C8B981400F8A2DE /* Weather.swift */; };
		6B5479252C8B985500F8A2DE /* WeatherLabel.swift in Sources */ = {isa = PBXBuildFile; fileRef = 6B5479242C8B985500F8A2DE /* WeatherLabel.swift */; };
		6B5479282C8B987E00F8A2DE /* SDWebImage in Frameworks */ = {isa = PBXBuildFile; productRef = 6B5479272C8B987E00F8A2DE /* SDWebImage */; };
		6B54792A2C8B987E00F8A2DE /* SDWebImageMapKit in Frameworks */ = {isa = PBXBuildFile; productRef = 6B5479292C8B987E00F8A2DE /* SDWebImageMapKit */; };
		6B54792D2C8B98C900F8A2DE /* WeatherViewController.swift in Sources */ = {isa = PBXBuildFile; fileRef = 6B54792C2C8B98C900F8A2DE /* WeatherViewController.swift */; };
		6B5479312C8BA2AC00F8A2DE /* Coin.swift in Sources */ = {isa = PBXBuildFile; fileRef = 6B5479302C8BA2AC00F8A2DE /* Coin.swift */; };
		6B5479332C8BA2C700F8A2DE /* CoinError.swift in Sources */ = {isa = PBXBuildFile; fileRef = 6B5479322C8BA2C700F8A2DE /* CoinError.swift */; };
		6B5479362C8BA2FC00F8A2DE /* HTTP.swift in Sources */ = {isa = PBXBuildFile; fileRef = 6B5479352C8BA2FC00F8A2DE /* HTTP.swift */; };
		6B5479382C8BA32300F8A2DE /* Constants.swift in Sources */ = {isa = PBXBuildFile; fileRef = 6B5479372C8BA32300F8A2DE /* Constants.swift */; };
		6B54793A2C8BA34300F8A2DE /* Endpoint.swift in Sources */ = {isa = PBXBuildFile; fileRef = 6B5479392C8BA34300F8A2DE /* Endpoint.swift */; };
		6B54793C2C8BA38E00F8A2DE /* CoinService.swift in Sources */ = {isa = PBXBuildFile; fileRef = 6B54793B2C8BA38E00F8A2DE /* CoinService.swift */; };
		6B54793E2C8BA39C00F8A2DE /* CoinServiceError.swift in Sources */ = {isa = PBXBuildFile; fileRef = 6B54793D2C8BA39C00F8A2DE /* CoinServiceError.swift */; };
		6B5479412C8BA3D500F8A2DE /* CoinCell.swift in Sources */ = {isa = PBXBuildFile; fileRef = 6B5479402C8BA3D500F8A2DE /* CoinCell.swift */; };
		6B5479442C8BA48A00F8A2DE /* CryptoControllerViewModel.swift in Sources */ = {isa = PBXBuildFile; fileRef = 6B5479432C8BA48A00F8A2DE /* CryptoControllerViewModel.swift */; };
		6B5479472C8BA4BB00F8A2DE /* CryptoController.swift in Sources */ = {isa = PBXBuildFile; fileRef = 6B5479462C8BA4BB00F8A2DE /* CryptoController.swift */; };
		6B585DDD2C89C127006BDA02 /* minecraft.ttf in Resources */ = {isa = PBXBuildFile; fileRef = 6B585DDC2C89C127006BDA02 /* minecraft.ttf */; };
		6B585DE12C89C26D006BDA02 /* UILabel.ext.swift in Sources */ = {isa = PBXBuildFile; fileRef = 6B585DE02C89C26D006BDA02 /* UILabel.ext.swift */; };
		6B585DE52C89C2DB006BDA02 /* GameViewController.swift in Sources */ = {isa = PBXBuildFile; fileRef = 6B585DE42C89C2DB006BDA02 /* GameViewController.swift */; };
		6B585DE82C89C307006BDA02 /* GameUI.swift in Sources */ = {isa = PBXBuildFile; fileRef = 6B585DE72C89C307006BDA02 /* GameUI.swift */; };
		6B585DEB2C89C365006BDA02 /* GameEngine.swift in Sources */ = {isa = PBXBuildFile; fileRef = 6B585DEA2C89C365006BDA02 /* GameEngine.swift */; };
		6B585DEE2C89C381006BDA02 /* Coordinator.swift in Sources */ = {isa = PBXBuildFile; fileRef = 6B585DED2C89C381006BDA02 /* Coordinator.swift */; };
/* End PBXBuildFile section */

/* Begin PBXFileReference section */
		6B402D3A2C8750D6007C15D2 /* MiniApps.app */ = {isa = PBXFileReference; explicitFileType = wrapper.application; includeInIndex = 0; path = MiniApps.app; sourceTree = BUILT_PRODUCTS_DIR; };
		6B402D3D2C8750D6007C15D2 /* AppDelegate.swift */ = {isa = PBXFileReference; lastKnownFileType = sourcecode.swift; path = AppDelegate.swift; sourceTree = "<group>"; };
		6B402D3F2C8750D6007C15D2 /* SceneDelegate.swift */ = {isa = PBXFileReference; lastKnownFileType = sourcecode.swift; path = SceneDelegate.swift; sourceTree = "<group>"; };
		6B402D412C8750D6007C15D2 /* TicTacToeViewController.swift */ = {isa = PBXFileReference; lastKnownFileType = sourcecode.swift; path = TicTacToeViewController.swift; sourceTree = "<group>"; };
		6B402D462C8750D7007C15D2 /* Assets.xcassets */ = {isa = PBXFileReference; lastKnownFileType = folder.assetcatalog; path = Assets.xcassets; sourceTree = "<group>"; };
		6B402D492C8750D7007C15D2 /* Base */ = {isa = PBXFileReference; lastKnownFileType = file.storyboard; name = Base; path = Base.lproj/LaunchScreen.storyboard; sourceTree = "<group>"; };
		6B402D4B2C8750D7007C15D2 /* Info.plist */ = {isa = PBXFileReference; lastKnownFileType = text.plist.xml; path = Info.plist; sourceTree = "<group>"; };
		6B4120AB2C8858E400AF1BA6 /* WordleViewController.swift */ = {isa = PBXFileReference; lastKnownFileType = sourcecode.swift; path = WordleViewController.swift; sourceTree = "<group>"; };
		6B4120AD2C88598900AF1BA6 /* KeyboardViewController.swift */ = {isa = PBXFileReference; lastKnownFileType = sourcecode.swift; path = KeyboardViewController.swift; sourceTree = "<group>"; };
		6B4120AF2C88599B00AF1BA6 /* BoardViewController.swift */ = {isa = PBXFileReference; lastKnownFileType = sourcecode.swift; path = BoardViewController.swift; sourceTree = "<group>"; };
		6B4120B12C88637600AF1BA6 /* KeyCell.swift */ = {isa = PBXFileReference; lastKnownFileType = sourcecode.swift; path = KeyCell.swift; sourceTree = "<group>"; };
		6B4120B52C88C05C00AF1BA6 /* Model.swift */ = {isa = PBXFileReference; lastKnownFileType = sourcecode.swift; path = Model.swift; sourceTree = "<group>"; };
		6B4120BE2C88C82F00AF1BA6 /* MainTabBarController.swift */ = {isa = PBXFileReference; lastKnownFileType = sourcecode.swift; path = MainTabBarController.swift; sourceTree = "<group>"; };
		6B4120C12C88C86300AF1BA6 /* MiniAppListViewController.swift */ = {isa = PBXFileReference; lastKnownFileType = sourcecode.swift; path = MiniAppListViewController.swift; sourceTree = "<group>"; };
		6B4120C32C88C8D700AF1BA6 /* MiniAppCell.swift */ = {isa = PBXFileReference; lastKnownFileType = sourcecode.swift; path = MiniAppCell.swift; sourceTree = "<group>"; };
		6B4120C52C88C92900AF1BA6 /* InteractiveAppCell.swift */ = {isa = PBXFileReference; lastKnownFileType = sourcecode.swift; path = InteractiveAppCell.swift; sourceTree = "<group>"; };
		6B4120C92C89107F00AF1BA6 /* InteractiveAppListViewController.swift */ = {isa = PBXFileReference; lastKnownFileType = sourcecode.swift; path = InteractiveAppListViewController.swift; sourceTree = "<group>"; };
		6B4120CB2C8910BB00AF1BA6 /* FullScreenAppViewController.swift */ = {isa = PBXFileReference; lastKnownFileType = sourcecode.swift; path = FullScreenAppViewController.swift; sourceTree = "<group>"; };
		6B4120CD2C89181A00AF1BA6 /* GameSelectionViewController.swift */ = {isa = PBXFileReference; lastKnownFileType = sourcecode.swift; path = GameSelectionViewController.swift; sourceTree = "<group>"; };
		6B54791B2C8B97AF00F8A2DE /* ApiManager.swift */ = {isa = PBXFileReference; lastKnownFileType = sourcecode.swift; path = ApiManager.swift; sourceTree = "<group>"; };
		6B54791D2C8B97CD00F8A2DE /* WeatherError.swift */ = {isa = PBXFileReference; lastKnownFileType = sourcecode.swift; path = WeatherError.swift; sourceTree = "<group>"; };
		6B5479212C8B981400F8A2DE /* Weather.swift */ = {isa = PBXFileReference; lastKnownFileType = sourcecode.swift; path = Weather.swift; sourceTree = "<group>"; };
		6B5479242C8B985500F8A2DE /* WeatherLabel.swift */ = {isa = PBXFileReference; lastKnownFileType = sourcecode.swift; path = WeatherLabel.swift; sourceTree = "<group>"; };
		6B54792C2C8B98C900F8A2DE /* WeatherViewController.swift */ = {isa = PBXFileReference; lastKnownFileType = sourcecode.swift; path = WeatherViewController.swift; sourceTree = "<group>"; };
		6B5479302C8BA2AC00F8A2DE /* Coin.swift */ = {isa = PBXFileReference; lastKnownFileType = sourcecode.swift; path = Coin.swift; sourceTree = "<group>"; };
		6B5479322C8BA2C700F8A2DE /* CoinError.swift */ = {isa = PBXFileReference; lastKnownFileType = sourcecode.swift; path = CoinError.swift; sourceTree = "<group>"; };
		6B5479352C8BA2FC00F8A2DE /* HTTP.swift */ = {isa = PBXFileReference; lastKnownFileType = sourcecode.swift; path = HTTP.swift; sourceTree = "<group>"; };
		6B5479372C8BA32300F8A2DE /* Constants.swift */ = {isa = PBXFileReference; lastKnownFileType = sourcecode.swift; path = Constants.swift; sourceTree = "<group>"; };
		6B5479392C8BA34300F8A2DE /* Endpoint.swift */ = {isa = PBXFileReference; lastKnownFileType = sourcecode.swift; path = Endpoint.swift; sourceTree = "<group>"; };
		6B54793B2C8BA38E00F8A2DE /* CoinService.swift */ = {isa = PBXFileReference; lastKnownFileType = sourcecode.swift; path = CoinService.swift; sourceTree = "<group>"; };
		6B54793D2C8BA39C00F8A2DE /* CoinServiceError.swift */ = {isa = PBXFileReference; lastKnownFileType = sourcecode.swift; path = CoinServiceError.swift; sourceTree = "<group>"; };
		6B5479402C8BA3D500F8A2DE /* CoinCell.swift */ = {isa = PBXFileReference; lastKnownFileType = sourcecode.swift; path = CoinCell.swift; sourceTree = "<group>"; };
		6B5479432C8BA48A00F8A2DE /* CryptoControllerViewModel.swift */ = {isa = PBXFileReference; lastKnownFileType = sourcecode.swift; path = CryptoControllerViewModel.swift; sourceTree = "<group>"; };
		6B5479462C8BA4BB00F8A2DE /* CryptoController.swift */ = {isa = PBXFileReference; lastKnownFileType = sourcecode.swift; path = CryptoController.swift; sourceTree = "<group>"; };
		6B585DDC2C89C127006BDA02 /* minecraft.ttf */ = {isa = PBXFileReference; lastKnownFileType = file; path = minecraft.ttf; sourceTree = "<group>"; };
		6B585DE02C89C26D006BDA02 /* UILabel.ext.swift */ = {isa = PBXFileReference; lastKnownFileType = sourcecode.swift; path = UILabel.ext.swift; sourceTree = "<group>"; };
		6B585DE42C89C2DB006BDA02 /* GameViewController.swift */ = {isa = PBXFileReference; lastKnownFileType = sourcecode.swift; path = GameViewController.swift; sourceTree = "<group>"; };
		6B585DE72C89C307006BDA02 /* GameUI.swift */ = {isa = PBXFileReference; lastKnownFileType = sourcecode.swift; path = GameUI.swift; sourceTree = "<group>"; };
		6B585DEA2C89C365006BDA02 /* GameEngine.swift */ = {isa = PBXFileReference; lastKnownFileType = sourcecode.swift; path = GameEngine.swift; sourceTree = "<group>"; };
		6B585DED2C89C381006BDA02 /* Coordinator.swift */ = {isa = PBXFileReference; lastKnownFileType = sourcecode.swift; path = Coordinator.swift; sourceTree = "<group>"; };
/* End PBXFileReference section */

/* Begin PBXFrameworksBuildPhase section */
		6B402D372C8750D6007C15D2 /* Frameworks */ = {
			isa = PBXFrameworksBuildPhase;
			buildActionMask = 2147483647;
			files = (
				6B54792A2C8B987E00F8A2DE /* SDWebImageMapKit in Frameworks */,
				6B5479282C8B987E00F8A2DE /* SDWebImage in Frameworks */,
			);
			runOnlyForDeploymentPostprocessing = 0;
		};
/* End PBXFrameworksBuildPhase section */

/* Begin PBXGroup section */
		6B402D312C8750D6007C15D2 = {
			isa = PBXGroup;
			children = (
				6B402D3C2C8750D6007C15D2 /* MiniApps */,
				6B402D3B2C8750D6007C15D2 /* Products */,
			);
			sourceTree = "<group>";
		};
		6B402D3B2C8750D6007C15D2 /* Products */ = {
			isa = PBXGroup;
			children = (
				6B402D3A2C8750D6007C15D2 /* MiniApps.app */,
			);
			name = Products;
			sourceTree = "<group>";
		};
		6B402D3C2C8750D6007C15D2 /* MiniApps */ = {
			isa = PBXGroup;
			children = (
				6B402D512C87519A007C15D2 /* Application */,
				6B4120B42C88C04600AF1BA6 /* Model */,
				6B4120BD2C88C82300AF1BA6 /* MainTabBar */,
				6B4120C72C89104500AF1BA6 /* MainViews */,
				6B585DDE2C89C1A4006BDA02 /* Mini-Apps */,
				6B402D522C8751A6007C15D2 /* SupportingFiles */,
			);
			path = MiniApps;
			sourceTree = "<group>";
		};
		6B402D512C87519A007C15D2 /* Application */ = {
			isa = PBXGroup;
			children = (
				6B402D3D2C8750D6007C15D2 /* AppDelegate.swift */,
				6B402D3F2C8750D6007C15D2 /* SceneDelegate.swift */,
			);
			path = Application;
			sourceTree = "<group>";
		};
		6B402D522C8751A6007C15D2 /* SupportingFiles */ = {
			isa = PBXGroup;
			children = (
				6B585DD92C89BD23006BDA02 /* Font */,
				6B402D462C8750D7007C15D2 /* Assets.xcassets */,
				6B402D482C8750D7007C15D2 /* LaunchScreen.storyboard */,
				6B402D4B2C8750D7007C15D2 /* Info.plist */,
			);
			path = SupportingFiles;
			sourceTree = "<group>";
		};
		6B4120A92C8858B600AF1BA6 /* Wordle */ = {
			isa = PBXGroup;
			children = (
				6B4120AB2C8858E400AF1BA6 /* WordleViewController.swift */,
				6B4120AD2C88598900AF1BA6 /* KeyboardViewController.swift */,
				6B4120AF2C88599B00AF1BA6 /* BoardViewController.swift */,
				6B4120B32C88809000AF1BA6 /* Cell */,
			);
			path = Wordle;
			sourceTree = "<group>";
		};
		6B4120AA2C8858C800AF1BA6 /* TicTacToe */ = {
			isa = PBXGroup;
			children = (
				6B402D412C8750D6007C15D2 /* TicTacToeViewController.swift */,
			);
			path = TicTacToe;
			sourceTree = "<group>";
		};
		6B4120B32C88809000AF1BA6 /* Cell */ = {
			isa = PBXGroup;
			children = (
				6B4120B12C88637600AF1BA6 /* KeyCell.swift */,
			);
			path = Cell;
			sourceTree = "<group>";
		};
		6B4120B42C88C04600AF1BA6 /* Model */ = {
			isa = PBXGroup;
			children = (
				6B4120B52C88C05C00AF1BA6 /* Model.swift */,
			);
			path = Model;
			sourceTree = "<group>";
		};
		6B4120BD2C88C82300AF1BA6 /* MainTabBar */ = {
			isa = PBXGroup;
			children = (
				6B4120BE2C88C82F00AF1BA6 /* MainTabBarController.swift */,
			);
			path = MainTabBar;
			sourceTree = "<group>";
		};
		6B4120C72C89104500AF1BA6 /* MainViews */ = {
			isa = PBXGroup;
			children = (
				6B4120C12C88C86300AF1BA6 /* MiniAppListViewController.swift */,
				6B4120C92C89107F00AF1BA6 /* InteractiveAppListViewController.swift */,
				6B4120CB2C8910BB00AF1BA6 /* FullScreenAppViewController.swift */,
				6B4120CD2C89181A00AF1BA6 /* GameSelectionViewController.swift */,
				6B4120C82C89106600AF1BA6 /* Cells */,
			);
			path = MainViews;
			sourceTree = "<group>";
		};
		6B4120C82C89106600AF1BA6 /* Cells */ = {
			isa = PBXGroup;
			children = (
				6B4120C32C88C8D700AF1BA6 /* MiniAppCell.swift */,
				6B4120C52C88C92900AF1BA6 /* InteractiveAppCell.swift */,
			);
			path = Cells;
			sourceTree = "<group>";
		};
		6B54791A2C8B975A00F8A2DE /* Weather */ = {
			isa = PBXGroup;
			children = (
				6B54792B2C8B98B800F8A2DE /* ViewController */,
				6B5479232C8B984200F8A2DE /* UI */,
				6B5479202C8B980000F8A2DE /* Model */,
				6B54791F2C8B97DB00F8A2DE /* Networking */,
			);
			path = Weather;
			sourceTree = "<group>";
		};
		6B54791F2C8B97DB00F8A2DE /* Networking */ = {
			isa = PBXGroup;
			children = (
				6B54791B2C8B97AF00F8A2DE /* ApiManager.swift */,
				6B54791D2C8B97CD00F8A2DE /* WeatherError.swift */,
			);
			path = Networking;
			sourceTree = "<group>";
		};
		6B5479202C8B980000F8A2DE /* Model */ = {
			isa = PBXGroup;
			children = (
				6B5479212C8B981400F8A2DE /* Weather.swift */,
			);
			path = Model;
			sourceTree = "<group>";
		};
		6B5479232C8B984200F8A2DE /* UI */ = {
			isa = PBXGroup;
			children = (
				6B5479242C8B985500F8A2DE /* WeatherLabel.swift */,
			);
			path = UI;
			sourceTree = "<group>";
		};
		6B54792B2C8B98B800F8A2DE /* ViewController */ = {
			isa = PBXGroup;
			children = (
				6B54792C2C8B98C900F8A2DE /* WeatherViewController.swift */,
			);
			path = ViewController;
			sourceTree = "<group>";
		};
		6B54792E2C8BA12600F8A2DE /* Сrypto */ = {
			isa = PBXGroup;
			children = (
				6B5479452C8BA4A000F8A2DE /* Controller */,
				6B5479422C8BA46E00F8A2DE /* ViewModel */,
				6B54793F2C8BA3C500F8A2DE /* Cell */,
				6B5479342C8BA2E100F8A2DE /* ApiManager */,
				6B54792F2C8BA29700F8A2DE /* Model */,
			);
			path = "Сrypto";
			sourceTree = "<group>";
		};
		6B54792F2C8BA29700F8A2DE /* Model */ = {
			isa = PBXGroup;
			children = (
				6B5479302C8BA2AC00F8A2DE /* Coin.swift */,
				6B5479322C8BA2C700F8A2DE /* CoinError.swift */,
			);
			path = Model;
			sourceTree = "<group>";
		};
		6B5479342C8BA2E100F8A2DE /* ApiManager */ = {
			isa = PBXGroup;
			children = (
				6B5479352C8BA2FC00F8A2DE /* HTTP.swift */,
				6B5479372C8BA32300F8A2DE /* Constants.swift */,
				6B5479392C8BA34300F8A2DE /* Endpoint.swift */,
				6B54793B2C8BA38E00F8A2DE /* CoinService.swift */,
				6B54793D2C8BA39C00F8A2DE /* CoinServiceError.swift */,
			);
			path = ApiManager;
			sourceTree = "<group>";
		};
		6B54793F2C8BA3C500F8A2DE /* Cell */ = {
			isa = PBXGroup;
			children = (
				6B5479402C8BA3D500F8A2DE /* CoinCell.swift */,
			);
			path = Cell;
			sourceTree = "<group>";
		};
		6B5479422C8BA46E00F8A2DE /* ViewModel */ = {
			isa = PBXGroup;
			children = (
				6B5479432C8BA48A00F8A2DE /* CryptoControllerViewModel.swift */,
			);
			path = ViewModel;
			sourceTree = "<group>";
		};
		6B5479452C8BA4A000F8A2DE /* Controller */ = {
			isa = PBXGroup;
			children = (
				6B5479462C8BA4BB00F8A2DE /* CryptoController.swift */,
			);
			path = Controller;
			sourceTree = "<group>";
		};
		6B585DD92C89BD23006BDA02 /* Font */ = {
			isa = PBXGroup;
			children = (
				6B585DDC2C89C127006BDA02 /* minecraft.ttf */,
			);
			path = Font;
			sourceTree = "<group>";
		};
		6B585DDE2C89C1A4006BDA02 /* Mini-Apps */ = {
			isa = PBXGroup;
			children = (
				6B54792E2C8BA12600F8A2DE /* Сrypto */,
				6B54791A2C8B975A00F8A2DE /* Weather */,
				6B585DDF2C89C1F5006BDA02 /* Intuition */,
				6B4120A92C8858B600AF1BA6 /* Wordle */,
				6B4120AA2C8858C800AF1BA6 /* TicTacToe */,
			);
			path = "Mini-Apps";
			sourceTree = "<group>";
		};
		6B585DDF2C89C1F5006BDA02 /* Intuition */ = {
			isa = PBXGroup;
			children = (
				6B585DE22C89C2AF006BDA02 /* Controller */,
				6B585DE62C89C2F6006BDA02 /* UI */,
				6B585DEC2C89C377006BDA02 /* Coordinator */,
				6B585DE92C89C353006BDA02 /* Engine */,
				6B585DE32C89C2BC006BDA02 /* Extensions */,
			);
			path = Intuition;
			sourceTree = "<group>";
		};
		6B585DE22C89C2AF006BDA02 /* Controller */ = {
			isa = PBXGroup;
			children = (
				6B585DE42C89C2DB006BDA02 /* GameViewController.swift */,
			);
			path = Controller;
			sourceTree = "<group>";
		};
		6B585DE32C89C2BC006BDA02 /* Extensions */ = {
			isa = PBXGroup;
			children = (
				6B585DE02C89C26D006BDA02 /* UILabel.ext.swift */,
			);
			path = Extensions;
			sourceTree = "<group>";
		};
		6B585DE62C89C2F6006BDA02 /* UI */ = {
			isa = PBXGroup;
			children = (
				6B585DE72C89C307006BDA02 /* GameUI.swift */,
			);
			path = UI;
			sourceTree = "<group>";
		};
		6B585DE92C89C353006BDA02 /* Engine */ = {
			isa = PBXGroup;
			children = (
				6B585DEA2C89C365006BDA02 /* GameEngine.swift */,
			);
			path = Engine;
			sourceTree = "<group>";
		};
		6B585DEC2C89C377006BDA02 /* Coordinator */ = {
			isa = PBXGroup;
			children = (
				6B585DED2C89C381006BDA02 /* Coordinator.swift */,
			);
			path = Coordinator;
			sourceTree = "<group>";
		};
/* End PBXGroup section */

/* Begin PBXNativeTarget section */
		6B402D392C8750D6007C15D2 /* MiniApps */ = {
			isa = PBXNativeTarget;
			buildConfigurationList = 6B402D4E2C8750D7007C15D2 /* Build configuration list for PBXNativeTarget "MiniApps" */;
			buildPhases = (
				6B402D362C8750D6007C15D2 /* Sources */,
				6B402D372C8750D6007C15D2 /* Frameworks */,
				6B402D382C8750D6007C15D2 /* Resources */,
			);
			buildRules = (
			);
			dependencies = (
			);
			name = MiniApps;
			packageProductDependencies = (
				6B5479272C8B987E00F8A2DE /* SDWebImage */,
				6B5479292C8B987E00F8A2DE /* SDWebImageMapKit */,
			);
			productName = MiniApps;
			productReference = 6B402D3A2C8750D6007C15D2 /* MiniApps.app */;
			productType = "com.apple.product-type.application";
		};
/* End PBXNativeTarget section */

/* Begin PBXProject section */
		6B402D322C8750D6007C15D2 /* Project object */ = {
			isa = PBXProject;
			attributes = {
				BuildIndependentTargetsInParallel = 1;
				LastSwiftUpdateCheck = 1540;
				LastUpgradeCheck = 1540;
				TargetAttributes = {
					6B402D392C8750D6007C15D2 = {
						CreatedOnToolsVersion = 15.4;
					};
				};
			};
			buildConfigurationList = 6B402D352C8750D6007C15D2 /* Build configuration list for PBXProject "MiniApps" */;
			compatibilityVersion = "Xcode 14.0";
			developmentRegion = en;
			hasScannedForEncodings = 0;
			knownRegions = (
				en,
				Base,
			);
			mainGroup = 6B402D312C8750D6007C15D2;
			packageReferences = (
				6B5479262C8B987E00F8A2DE /* XCRemoteSwiftPackageReference "SDWebImage" */,
			);
			productRefGroup = 6B402D3B2C8750D6007C15D2 /* Products */;
			projectDirPath = "";
			projectRoot = "";
			targets = (
				6B402D392C8750D6007C15D2 /* MiniApps */,
			);
		};
/* End PBXProject section */

/* Begin PBXResourcesBuildPhase section */
		6B402D382C8750D6007C15D2 /* Resources */ = {
			isa = PBXResourcesBuildPhase;
			buildActionMask = 2147483647;
			files = (
				6B402D472C8750D7007C15D2 /* Assets.xcassets in Resources */,
				6B402D4A2C8750D7007C15D2 /* Base in Resources */,
				6B585DDD2C89C127006BDA02 /* minecraft.ttf in Resources */,
			);
			runOnlyForDeploymentPostprocessing = 0;
		};
/* End PBXResourcesBuildPhase section */

/* Begin PBXSourcesBuildPhase section */
		6B402D362C8750D6007C15D2 /* Sources */ = {
			isa = PBXSourcesBuildPhase;
			buildActionMask = 2147483647;
			files = (
				6B5479222C8B981400F8A2DE /* Weather.swift in Sources */,
				6B54793C2C8BA38E00F8A2DE /* CoinService.swift in Sources */,
				6B4120CA2C89107F00AF1BA6 /* InteractiveAppListViewController.swift in Sources */,
				6B4120CC2C8910BB00AF1BA6 /* FullScreenAppViewController.swift in Sources */,
				6B402D422C8750D6007C15D2 /* TicTacToeViewController.swift in Sources */,
				6B54793A2C8BA34300F8A2DE /* Endpoint.swift in Sources */,
				6B4120B22C88637600AF1BA6 /* KeyCell.swift in Sources */,
				6B5479382C8BA32300F8A2DE /* Constants.swift in Sources */,
				6B4120C62C88C92900AF1BA6 /* InteractiveAppCell.swift in Sources */,
				6B5479472C8BA4BB00F8A2DE /* CryptoController.swift in Sources */,
				6B4120CE2C89181A00AF1BA6 /* GameSelectionViewController.swift in Sources */,
				6B585DE52C89C2DB006BDA02 /* GameViewController.swift in Sources */,
				6B5479312C8BA2AC00F8A2DE /* Coin.swift in Sources */,
				6B5479362C8BA2FC00F8A2DE /* HTTP.swift in Sources */,
				6B585DE82C89C307006BDA02 /* GameUI.swift in Sources */,
				6B4120C42C88C8D700AF1BA6 /* MiniAppCell.swift in Sources */,
				6B4120BF2C88C82F00AF1BA6 /* MainTabBarController.swift in Sources */,
				6B54791C2C8B97AF00F8A2DE /* ApiManager.swift in Sources */,
				6B585DEB2C89C365006BDA02 /* GameEngine.swift in Sources */,
				6B5479252C8B985500F8A2DE /* WeatherLabel.swift in Sources */,
				6B4120AE2C88598900AF1BA6 /* KeyboardViewController.swift in Sources */,
				6B585DEE2C89C381006BDA02 /* Coordinator.swift in Sources */,
				6B54793E2C8BA39C00F8A2DE /* CoinServiceError.swift in Sources */,
				6B54792D2C8B98C900F8A2DE /* WeatherViewController.swift in Sources */,
				6B585DE12C89C26D006BDA02 /* UILabel.ext.swift in Sources */,
				6B4120AC2C8858E400AF1BA6 /* WordleViewController.swift in Sources */,
				6B402D3E2C8750D6007C15D2 /* AppDelegate.swift in Sources */,
				6B54791E2C8B97CD00F8A2DE /* WeatherError.swift in Sources */,
				6B402D402C8750D6007C15D2 /* SceneDelegate.swift in Sources */,
				6B5479332C8BA2C700F8A2DE /* CoinError.swift in Sources */,
				6B5479442C8BA48A00F8A2DE /* CryptoControllerViewModel.swift in Sources */,
				6B4120B02C88599B00AF1BA6 /* BoardViewController.swift in Sources */,
				6B4120B62C88C05C00AF1BA6 /* Model.swift in Sources */,
				6B5479412C8BA3D500F8A2DE /* CoinCell.swift in Sources */,
				6B4120C22C88C86300AF1BA6 /* MiniAppListViewController.swift in Sources */,
			);
			runOnlyForDeploymentPostprocessing = 0;
		};
/* End PBXSourcesBuildPhase section */

/* Begin PBXVariantGroup section */
		6B402D482C8750D7007C15D2 /* LaunchScreen.storyboard */ = {
			isa = PBXVariantGroup;
			children = (
				6B402D492C8750D7007C15D2 /* Base */,
			);
			name = LaunchScreen.storyboard;
			sourceTree = "<group>";
		};
/* End PBXVariantGroup section */

/* Begin XCBuildConfiguration section */
		6B402D4C2C8750D7007C15D2 /* Debug */ = {
			isa = XCBuildConfiguration;
			buildSettings = {
				ALWAYS_SEARCH_USER_PATHS = NO;
				ASSETCATALOG_COMPILER_GENERATE_SWIFT_ASSET_SYMBOL_EXTENSIONS = YES;
				CLANG_ANALYZER_NONNULL = YES;
				CLANG_ANALYZER_NUMBER_OBJECT_CONVERSION = YES_AGGRESSIVE;
				CLANG_CXX_LANGUAGE_STANDARD = "gnu++20";
				CLANG_ENABLE_MODULES = YES;
				CLANG_ENABLE_OBJC_ARC = YES;
				CLANG_ENABLE_OBJC_WEAK = YES;
				CLANG_WARN_BLOCK_CAPTURE_AUTORELEASING = YES;
				CLANG_WARN_BOOL_CONVERSION = YES;
				CLANG_WARN_COMMA = YES;
				CLANG_WARN_CONSTANT_CONVERSION = YES;
				CLANG_WARN_DEPRECATED_OBJC_IMPLEMENTATIONS = YES;
				CLANG_WARN_DIRECT_OBJC_ISA_USAGE = YES_ERROR;
				CLANG_WARN_DOCUMENTATION_COMMENTS = YES;
				CLANG_WARN_EMPTY_BODY = YES;
				CLANG_WARN_ENUM_CONVERSION = YES;
				CLANG_WARN_INFINITE_RECURSION = YES;
				CLANG_WARN_INT_CONVERSION = YES;
				CLANG_WARN_NON_LITERAL_NULL_CONVERSION = YES;
				CLANG_WARN_OBJC_IMPLICIT_RETAIN_SELF = YES;
				CLANG_WARN_OBJC_LITERAL_CONVERSION = YES;
				CLANG_WARN_OBJC_ROOT_CLASS = YES_ERROR;
				CLANG_WARN_QUOTED_INCLUDE_IN_FRAMEWORK_HEADER = YES;
				CLANG_WARN_RANGE_LOOP_ANALYSIS = YES;
				CLANG_WARN_STRICT_PROTOTYPES = YES;
				CLANG_WARN_SUSPICIOUS_MOVE = YES;
				CLANG_WARN_UNGUARDED_AVAILABILITY = YES_AGGRESSIVE;
				CLANG_WARN_UNREACHABLE_CODE = YES;
				CLANG_WARN__DUPLICATE_METHOD_MATCH = YES;
				COPY_PHASE_STRIP = NO;
				DEBUG_INFORMATION_FORMAT = dwarf;
				ENABLE_STRICT_OBJC_MSGSEND = YES;
				ENABLE_TESTABILITY = YES;
				ENABLE_USER_SCRIPT_SANDBOXING = YES;
				GCC_C_LANGUAGE_STANDARD = gnu17;
				GCC_DYNAMIC_NO_PIC = NO;
				GCC_NO_COMMON_BLOCKS = YES;
				GCC_OPTIMIZATION_LEVEL = 0;
				GCC_PREPROCESSOR_DEFINITIONS = (
					"DEBUG=1",
					"$(inherited)",
				);
				GCC_WARN_64_TO_32_BIT_CONVERSION = YES;
				GCC_WARN_ABOUT_RETURN_TYPE = YES_ERROR;
				GCC_WARN_UNDECLARED_SELECTOR = YES;
				GCC_WARN_UNINITIALIZED_AUTOS = YES_AGGRESSIVE;
				GCC_WARN_UNUSED_FUNCTION = YES;
				GCC_WARN_UNUSED_VARIABLE = YES;
				IPHONEOS_DEPLOYMENT_TARGET = 17.5;
				LOCALIZATION_PREFERS_STRING_CATALOGS = YES;
				MTL_ENABLE_DEBUG_INFO = INCLUDE_SOURCE;
				MTL_FAST_MATH = YES;
				ONLY_ACTIVE_ARCH = YES;
				SDKROOT = iphoneos;
				SWIFT_ACTIVE_COMPILATION_CONDITIONS = "DEBUG $(inherited)";
				SWIFT_OPTIMIZATION_LEVEL = "-Onone";
			};
			name = Debug;
		};
		6B402D4D2C8750D7007C15D2 /* Release */ = {
			isa = XCBuildConfiguration;
			buildSettings = {
				ALWAYS_SEARCH_USER_PATHS = NO;
				ASSETCATALOG_COMPILER_GENERATE_SWIFT_ASSET_SYMBOL_EXTENSIONS = YES;
				CLANG_ANALYZER_NONNULL = YES;
				CLANG_ANALYZER_NUMBER_OBJECT_CONVERSION = YES_AGGRESSIVE;
				CLANG_CXX_LANGUAGE_STANDARD = "gnu++20";
				CLANG_ENABLE_MODULES = YES;
				CLANG_ENABLE_OBJC_ARC = YES;
				CLANG_ENABLE_OBJC_WEAK = YES;
				CLANG_WARN_BLOCK_CAPTURE_AUTORELEASING = YES;
				CLANG_WARN_BOOL_CONVERSION = YES;
				CLANG_WARN_COMMA = YES;
				CLANG_WARN_CONSTANT_CONVERSION = YES;
				CLANG_WARN_DEPRECATED_OBJC_IMPLEMENTATIONS = YES;
				CLANG_WARN_DIRECT_OBJC_ISA_USAGE = YES_ERROR;
				CLANG_WARN_DOCUMENTATION_COMMENTS = YES;
				CLANG_WARN_EMPTY_BODY = YES;
				CLANG_WARN_ENUM_CONVERSION = YES;
				CLANG_WARN_INFINITE_RECURSION = YES;
				CLANG_WARN_INT_CONVERSION = YES;
				CLANG_WARN_NON_LITERAL_NULL_CONVERSION = YES;
				CLANG_WARN_OBJC_IMPLICIT_RETAIN_SELF = YES;
				CLANG_WARN_OBJC_LITERAL_CONVERSION = YES;
				CLANG_WARN_OBJC_ROOT_CLASS = YES_ERROR;
				CLANG_WARN_QUOTED_INCLUDE_IN_FRAMEWORK_HEADER = YES;
				CLANG_WARN_RANGE_LOOP_ANALYSIS = YES;
				CLANG_WARN_STRICT_PROTOTYPES = YES;
				CLANG_WARN_SUSPICIOUS_MOVE = YES;
				CLANG_WARN_UNGUARDED_AVAILABILITY = YES_AGGRESSIVE;
				CLANG_WARN_UNREACHABLE_CODE = YES;
				CLANG_WARN__DUPLICATE_METHOD_MATCH = YES;
				COPY_PHASE_STRIP = NO;
				DEBUG_INFORMATION_FORMAT = "dwarf-with-dsym";
				ENABLE_NS_ASSERTIONS = NO;
				ENABLE_STRICT_OBJC_MSGSEND = YES;
				ENABLE_USER_SCRIPT_SANDBOXING = YES;
				GCC_C_LANGUAGE_STANDARD = gnu17;
				GCC_NO_COMMON_BLOCKS = YES;
				GCC_WARN_64_TO_32_BIT_CONVERSION = YES;
				GCC_WARN_ABOUT_RETURN_TYPE = YES_ERROR;
				GCC_WARN_UNDECLARED_SELECTOR = YES;
				GCC_WARN_UNINITIALIZED_AUTOS = YES_AGGRESSIVE;
				GCC_WARN_UNUSED_FUNCTION = YES;
				GCC_WARN_UNUSED_VARIABLE = YES;
				IPHONEOS_DEPLOYMENT_TARGET = 17.5;
				LOCALIZATION_PREFERS_STRING_CATALOGS = YES;
				MTL_ENABLE_DEBUG_INFO = NO;
				MTL_FAST_MATH = YES;
				SDKROOT = iphoneos;
				SWIFT_COMPILATION_MODE = wholemodule;
				VALIDATE_PRODUCT = YES;
			};
			name = Release;
		};
		6B402D4F2C8750D7007C15D2 /* Debug */ = {
			isa = XCBuildConfiguration;
			buildSettings = {
				ASSETCATALOG_COMPILER_APPICON_NAME = AppIcon;
				ASSETCATALOG_COMPILER_GLOBAL_ACCENT_COLOR_NAME = AccentColor;
				CODE_SIGN_STYLE = Automatic;
				CURRENT_PROJECT_VERSION = 1;
				DEVELOPMENT_TEAM = UAX2RU75QB;
				GENERATE_INFOPLIST_FILE = YES;
				INFOPLIST_FILE = MiniApps/SupportingFiles/Info.plist;
				INFOPLIST_KEY_UIApplicationSupportsIndirectInputEvents = YES;
				INFOPLIST_KEY_UILaunchStoryboardName = LaunchScreen;
				INFOPLIST_KEY_UISupportedInterfaceOrientations_iPad = "UIInterfaceOrientationPortrait UIInterfaceOrientationPortraitUpsideDown UIInterfaceOrientationLandscapeLeft UIInterfaceOrientationLandscapeRight";
				INFOPLIST_KEY_UISupportedInterfaceOrientations_iPhone = "UIInterfaceOrientationPortrait UIInterfaceOrientationLandscapeLeft UIInterfaceOrientationLandscapeRight";
				LD_RUNPATH_SEARCH_PATHS = (
					"$(inherited)",
					"@executable_path/Frameworks",
				);
				MARKETING_VERSION = 1.0;
				PRODUCT_BUNDLE_IDENTIFIER = Vasilii.MiniApps;
				PRODUCT_NAME = "$(TARGET_NAME)";
				SUPPORTED_PLATFORMS = "iphoneos iphonesimulator";
				SUPPORTS_MACCATALYST = NO;
				SUPPORTS_MAC_DESIGNED_FOR_IPHONE_IPAD = NO;
				SUPPORTS_XR_DESIGNED_FOR_IPHONE_IPAD = NO;
				SWIFT_EMIT_LOC_STRINGS = YES;
				SWIFT_VERSION = 5.0;
				TARGETED_DEVICE_FAMILY = "1,2";
			};
			name = Debug;
		};
		6B402D502C8750D7007C15D2 /* Release */ = {
			isa = XCBuildConfiguration;
			buildSettings = {
				ASSETCATALOG_COMPILER_APPICON_NAME = AppIcon;
				ASSETCATALOG_COMPILER_GLOBAL_ACCENT_COLOR_NAME = AccentColor;
				CODE_SIGN_STYLE = Automatic;
				CURRENT_PROJECT_VERSION = 1;
				DEVELOPMENT_TEAM = UAX2RU75QB;
				GENERATE_INFOPLIST_FILE = YES;
				INFOPLIST_FILE = MiniApps/SupportingFiles/Info.plist;
				INFOPLIST_KEY_UIApplicationSupportsIndirectInputEvents = YES;
				INFOPLIST_KEY_UILaunchStoryboardName = LaunchScreen;
				INFOPLIST_KEY_UISupportedInterfaceOrientations_iPad = "UIInterfaceOrientationPortrait UIInterfaceOrientationPortraitUpsideDown UIInterfaceOrientationLandscapeLeft UIInterfaceOrientationLandscapeRight";
				INFOPLIST_KEY_UISupportedInterfaceOrientations_iPhone = "UIInterfaceOrientationPortrait UIInterfaceOrientationLandscapeLeft UIInterfaceOrientationLandscapeRight";
				LD_RUNPATH_SEARCH_PATHS = (
					"$(inherited)",
					"@executable_path/Frameworks",
				);
				MARKETING_VERSION = 1.0;
				PRODUCT_BUNDLE_IDENTIFIER = Vasilii.MiniApps;
				PRODUCT_NAME = "$(TARGET_NAME)";
				SUPPORTED_PLATFORMS = "iphoneos iphonesimulator";
				SUPPORTS_MACCATALYST = NO;
				SUPPORTS_MAC_DESIGNED_FOR_IPHONE_IPAD = NO;
				SUPPORTS_XR_DESIGNED_FOR_IPHONE_IPAD = NO;
				SWIFT_EMIT_LOC_STRINGS = YES;
				SWIFT_VERSION = 5.0;
				TARGETED_DEVICE_FAMILY = "1,2";
			};
			name = Release;
		};
/* End XCBuildConfiguration section */

/* Begin XCConfigurationList section */
		6B402D352C8750D6007C15D2 /* Build configuration list for PBXProject "MiniApps" */ = {
			isa = XCConfigurationList;
			buildConfigurations = (
				6B402D4C2C8750D7007C15D2 /* Debug */,
				6B402D4D2C8750D7007C15D2 /* Release */,
			);
			defaultConfigurationIsVisible = 0;
			defaultConfigurationName = Release;
		};
		6B402D4E2C8750D7007C15D2 /* Build configuration list for PBXNativeTarget "MiniApps" */ = {
			isa = XCConfigurationList;
			buildConfigurations = (
				6B402D4F2C8750D7007C15D2 /* Debug */,
				6B402D502C8750D7007C15D2 /* Release */,
			);
			defaultConfigurationIsVisible = 0;
			defaultConfigurationName = Release;
		};
/* End XCConfigurationList section */

/* Begin XCRemoteSwiftPackageReference section */
		6B5479262C8B987E00F8A2DE /* XCRemoteSwiftPackageReference "SDWebImage" */ = {
			isa = XCRemoteSwiftPackageReference;
			repositoryURL = "https://github.com/SDWebImage/SDWebImage.git";
			requirement = {
				kind = upToNextMajorVersion;
				minimumVersion = 5.19.7;
			};
		};
/* End XCRemoteSwiftPackageReference section */

/* Begin XCSwiftPackageProductDependency section */
		6B5479272C8B987E00F8A2DE /* SDWebImage */ = {
			isa = XCSwiftPackageProductDependency;
			package = 6B5479262C8B987E00F8A2DE /* XCRemoteSwiftPackageReference "SDWebImage" */;
			productName = SDWebImage;
		};
		6B5479292C8B987E00F8A2DE /* SDWebImageMapKit */ = {
			isa = XCSwiftPackageProductDependency;
			package = 6B5479262C8B987E00F8A2DE /* XCRemoteSwiftPackageReference "SDWebImage" */;
			productName = SDWebImageMapKit;
		};
/* End XCSwiftPackageProductDependency section */
	};
	rootObject = 6B402D322C8750D6007C15D2 /* Project object */;
}
